
Microsoft Visual Studio Solution File, Format Version 12.00
# Visual Studio Version 17
VisualStudioVersion = 17.5.33502.453
MinimumVisualStudioVersion = 10.0.40219.1
Project("{FAE04EC0-301F-11D3-BF4B-00C04F79EFBC}") = "Taxi", "Taxi\Taxi.csproj", "{79866BFE-C288-4045-9C4B-66620CA72EC6}"
EndProject
Global
	GlobalSection(SolutionConfigurationPlatforms) = preSolution
		Debug|Any CPU = Debug|Any CPU
		Release|Any CPU = Release|Any CPU
	EndGlobalSection
	GlobalSection(ProjectConfigurationPlatforms) = postSolution
		{79866BFE-C288-4045-9C4B-66620CA72EC6}.Debug|Any CPU.ActiveCfg = Debug|Any CPU
		{79866BFE-C288-4045-9C4B-66620CA72EC6}.Debug|Any CPU.Build.0 = Debug|Any CPU
		{79866BFE-C288-4045-9C4B-66620CA72EC6}.Release|Any CPU.ActiveCfg = Release|Any CPU
		{79866BFE-C288-4045-9C4B-66620CA72EC6}.Release|Any CPU.Build.0 = Release|Any CPU
	EndGlobalSection
	GlobalSection(SolutionProperties) = preSolution
		HideSolutionNode = FALSE
	EndGlobalSection
	GlobalSection(ExtensibilityGlobals) = postSolution
		SolutionGuid = {1235A3E2-AE27-4DE3-AAA5-BDD6E758E1DB}
	EndGlobalSection
EndGlobal
